
Microsoft Visual Studio Solution File, Format Version 12.00
# Visual Studio Version 17
VisualStudioVersion = 17.4.33122.133
MinimumVisualStudioVersion = 10.0.40219.1
Project("{9A19103F-16F7-4668-BE54-9A1E7A4F7556}") = "Variable_Exercie1", "Variable_Exercie1\Variable_Exercie1.csproj", "{58D334DE-6927-43DF-90F2-AF16785139D6}"
EndProject
Global
	GlobalSection(SolutionConfigurationPlatforms) = preSolution
		Debug|Any CPU = Debug|Any CPU
		Release|Any CPU = Release|Any CPU
	EndGlobalSection
	GlobalSection(ProjectConfigurationPlatforms) = postSolution
		{58D334DE-6927-43DF-90F2-AF16785139D6}.Debug|Any CPU.ActiveCfg = Debug|Any CPU
		{58D334DE-6927-43DF-90F2-AF16785139D6}.Debug|Any CPU.Build.0 = Debug|Any CPU
		{58D334DE-6927-43DF-90F2-AF16785139D6}.Release|Any CPU.ActiveCfg = Release|Any CPU
		{58D334DE-6927-43DF-90F2-AF16785139D6}.Release|Any CPU.Build.0 = Release|Any CPU
	EndGlobalSection
	GlobalSection(SolutionProperties) = preSolution
		HideSolutionNode = FALSE
	EndGlobalSection
	GlobalSection(ExtensibilityGlobals) = postSolution
		SolutionGuid = {3C979BFC-E85F-44A7-8BFE-C0518C58CA3F}
	EndGlobalSection
EndGlobal
